
Microsoft Visual Studio Solution File, Format Version 12.00
# Visual Studio Version 17
VisualStudioVersion = 17.9.34728.123
MinimumVisualStudioVersion = 10.0.40219.1
Project("{9A19103F-16F7-4668-BE54-9A1E7A4F7556}") = "AspDOTNET_MVC", "AspDOTNET_MVC.csproj", "{1DB15285-A621-4B5E-9678-34025800AE04}"
EndProject
Global
	GlobalSection(SolutionConfigurationPlatforms) = preSolution
		Debug|Any CPU = Debug|Any CPU
		Release|Any CPU = Release|Any CPU
	EndGlobalSection
	GlobalSection(ProjectConfigurationPlatforms) = postSolution
		{1DB15285-A621-4B5E-9678-34025800AE04}.Debug|Any CPU.ActiveCfg = Debug|Any CPU
		{1DB15285-A621-4B5E-9678-34025800AE04}.Debug|Any CPU.Build.0 = Debug|Any CPU
		{1DB15285-A621-4B5E-9678-34025800AE04}.Release|Any CPU.ActiveCfg = Release|Any CPU
		{1DB15285-A621-4B5E-9678-34025800AE04}.Release|Any CPU.Build.0 = Release|Any CPU
	EndGlobalSection
	GlobalSection(SolutionProperties) = preSolution
		HideSolutionNode = FALSE
	EndGlobalSection
	GlobalSection(ExtensibilityGlobals) = postSolution
		SolutionGuid = {6030C26D-500F-4275-BA3B-371BE2287546}
	EndGlobalSection
EndGlobal
